// !$*UTF8*$!
{
	archiveVersion = 1;
	classes = {
	};
	objectVersion = 50;
	objects = {

/* Begin PBXBuildFile section */
		59A33113268D4FE300585418 /* AppDelegate.swift in Sources */ = {isa = PBXBuildFile; fileRef = 59A33112268D4FE300585418 /* AppDelegate.swift */; };
		59A33115268D4FE300585418 /* SceneDelegate.swift in Sources */ = {isa = PBXBuildFile; fileRef = 59A33114268D4FE300585418 /* SceneDelegate.swift */; };
		59A33117268D4FE300585418 /* ContentView.swift in Sources */ = {isa = PBXBuildFile; fileRef = 59A33116268D4FE300585418 /* ContentView.swift */; };
		59A33119268D4FE500585418 /* Assets.xcassets in Resources */ = {isa = PBXBuildFile; fileRef = 59A33118268D4FE500585418 /* Assets.xcassets */; };
		59A3311C268D4FE500585418 /* Preview Assets.xcassets in Resources */ = {isa = PBXBuildFile; fileRef = 59A3311B268D4FE500585418 /* Preview Assets.xcassets */; };
		59A3311F268D4FE500585418 /* LaunchScreen.storyboard in Resources */ = {isa = PBXBuildFile; fileRef = 59A3311D268D4FE500585418 /* LaunchScreen.storyboard */; };
		59A3312A268D4FE500585418 /* xOSStorePerformanceTests.swift in Sources */ = {isa = PBXBuildFile; fileRef = 59A33129268D4FE500585418 /* xOSStorePerformanceTests.swift */; };
		59A33135268D4FE500585418 /* xOSStorePerformanceUITests.swift in Sources */ = {isa = PBXBuildFile; fileRef = 59A33134268D4FE500585418 /* xOSStorePerformanceUITests.swift */; };
/* End PBXBuildFile section */

/* Begin PBXContainerItemProxy section */
		59A33126268D4FE500585418 /* PBXContainerItemProxy */ = {
			isa = PBXContainerItemProxy;
			containerPortal = 59A33107268D4FE300585418 /* Project object */;
			proxyType = 1;
			remoteGlobalIDString = 59A3310E268D4FE300585418;
			remoteInfo = xOSStorePerformance;
		};
		59A33131268D4FE500585418 /* PBXContainerItemProxy */ = {
			isa = PBXContainerItemProxy;
			containerPortal = 59A33107268D4FE300585418 /* Project object */;
			proxyType = 1;
			remoteGlobalIDString = 59A3310E268D4FE300585418;
			remoteInfo = xOSStorePerformance;
		};
/* End PBXContainerItemProxy section */

/* Begin PBXFileReference section */
		59A3310F268D4FE300585418 /* xOSStorePerformance.app */ = {isa = PBXFileReference; explicitFileType = wrapper.application; includeInIndex = 0; path = xOSStorePerformance.app; sourceTree = BUILT_PRODUCTS_DIR; };
		59A33112268D4FE300585418 /* AppDelegate.swift */ = {isa = PBXFileReference; lastKnownFileType = sourcecode.swift; path = AppDelegate.swift; sourceTree = "<group>"; };
		59A33114268D4FE300585418 /* SceneDelegate.swift */ = {isa = PBXFileReference; lastKnownFileType = sourcecode.swift; path = SceneDelegate.swift; sourceTree = "<group>"; };
		59A33116268D4FE300585418 /* ContentView.swift */ = {isa = PBXFileReference; lastKnownFileType = sourcecode.swift; path = ContentView.swift; sourceTree = "<group>"; };
		59A33118268D4FE500585418 /* Assets.xcassets */ = {isa = PBXFileReference; lastKnownFileType = folder.assetcatalog; path = Assets.xcassets; sourceTree = "<group>"; };
		59A3311B268D4FE500585418 /* Preview Assets.xcassets */ = {isa = PBXFileReference; lastKnownFileType = folder.assetcatalog; path = "Preview Assets.xcassets"; sourceTree = "<group>"; };
		59A3311E268D4FE500585418 /* Base */ = {isa = PBXFileReference; lastKnownFileType = file.storyboard; name = Base; path = Base.lproj/LaunchScreen.storyboard; sourceTree = "<group>"; };
		59A33120268D4FE500585418 /* Info.plist */ = {isa = PBXFileReference; lastKnownFileType = text.plist.xml; path = Info.plist; sourceTree = "<group>"; };
		59A33125268D4FE500585418 /* xOSStorePerformanceTests.xctest */ = {isa = PBXFileReference; explicitFileType = wrapper.cfbundle; includeInIndex = 0; path = xOSStorePerformanceTests.xctest; sourceTree = BUILT_PRODUCTS_DIR; };
		59A33129268D4FE500585418 /* xOSStorePerformanceTests.swift */ = {isa = PBXFileReference; lastKnownFileType = sourcecode.swift; path = xOSStorePerformanceTests.swift; sourceTree = "<group>"; };
		59A3312B268D4FE500585418 /* Info.plist */ = {isa = PBXFileReference; lastKnownFileType = text.plist.xml; path = Info.plist; sourceTree = "<group>"; };
		59A33130268D4FE500585418 /* xOSStorePerformanceUITests.xctest */ = {isa = PBXFileReference; explicitFileType = wrapper.cfbundle; includeInIndex = 0; path = xOSStorePerformanceUITests.xctest; sourceTree = BUILT_PRODUCTS_DIR; };
		59A33134268D4FE500585418 /* xOSStorePerformanceUITests.swift */ = {isa = PBXFileReference; lastKnownFileType = sourcecode.swift; path = xOSStorePerformanceUITests.swift; sourceTree = "<group>"; };
		59A33136268D4FE500585418 /* Info.plist */ = {isa = PBXFileReference; lastKnownFileType = text.plist.xml; path = Info.plist; sourceTree = "<group>"; };
/* End PBXFileReference section */

/* Begin PBXFrameworksBuildPhase section */
		59A3310C268D4FE300585418 /* Frameworks */ = {
			isa = PBXFrameworksBuildPhase;
			buildActionMask = 2147483647;
			files = (
			);
			runOnlyForDeploymentPostprocessing = 0;
		};
		59A33122268D4FE500585418 /* Frameworks */ = {
			isa = PBXFrameworksBuildPhase;
			buildActionMask = 2147483647;
			files = (
			);
			runOnlyForDeploymentPostprocessing = 0;
		};
		59A3312D268D4FE500585418 /* Frameworks */ = {
			isa = PBXFrameworksBuildPhase;
			buildActionMask = 2147483647;
			files = (
			);
			runOnlyForDeploymentPostprocessing = 0;
		};
/* End PBXFrameworksBuildPhase section */

/* Begin PBXGroup section */
		59A33106268D4FE300585418 = {
			isa = PBXGroup;
			children = (
				59A33111268D4FE300585418 /* xOSStorePerformance */,
				59A33128268D4FE500585418 /* xOSStorePerformanceTests */,
				59A33133268D4FE500585418 /* xOSStorePerformanceUITests */,
				59A33110268D4FE300585418 /* Products */,
			);
			sourceTree = "<group>";
		};
		59A33110268D4FE300585418 /* Products */ = {
			isa = PBXGroup;
			children = (
				59A3310F268D4FE300585418 /* xOSStorePerformance.app */,
				59A33125268D4FE500585418 /* xOSStorePerformanceTests.xctest */,
				59A33130268D4FE500585418 /* xOSStorePerformanceUITests.xctest */,
			);
			name = Products;
			sourceTree = "<group>";
		};
		59A33111268D4FE300585418 /* xOSStorePerformance */ = {
			isa = PBXGroup;
			children = (
				59A33112268D4FE300585418 /* AppDelegate.swift */,
				59A33114268D4FE300585418 /* SceneDelegate.swift */,
				59A33116268D4FE300585418 /* ContentView.swift */,
				59A33118268D4FE500585418 /* Assets.xcassets */,
				59A3311D268D4FE500585418 /* LaunchScreen.storyboard */,
				59A33120268D4FE500585418 /* Info.plist */,
				59A3311A268D4FE500585418 /* Preview Content */,
			);
			path = xOSStorePerformance;
			sourceTree = "<group>";
		};
		59A3311A268D4FE500585418 /* Preview Content */ = {
			isa = PBXGroup;
			children = (
				59A3311B268D4FE500585418 /* Preview Assets.xcassets */,
			);
			path = "Preview Content";
			sourceTree = "<group>";
		};
		59A33128268D4FE500585418 /* xOSStorePerformanceTests */ = {
			isa = PBXGroup;
			children = (
				59A33129268D4FE500585418 /* xOSStorePerformanceTests.swift */,
				59A3312B268D4FE500585418 /* Info.plist */,
			);
			path = xOSStorePerformanceTests;
			sourceTree = "<group>";
		};
		59A33133268D4FE500585418 /* xOSStorePerformanceUITests */ = {
			isa = PBXGroup;
			children = (
				59A33134268D4FE500585418 /* xOSStorePerformanceUITests.swift */,
				59A33136268D4FE500585418 /* Info.plist */,
			);
			path = xOSStorePerformanceUITests;
			sourceTree = "<group>";
		};
/* End PBXGroup section */

/* Begin PBXNativeTarget section */
		59A3310E268D4FE300585418 /* xOSStorePerformance */ = {
			isa = PBXNativeTarget;
			buildConfigurationList = 59A33139268D4FE500585418 /* Build configuration list for PBXNativeTarget "xOSStorePerformance" */;
			buildPhases = (
				59A3310B268D4FE300585418 /* Sources */,
				59A3310C268D4FE300585418 /* Frameworks */,
				59A3310D268D4FE300585418 /* Resources */,
			);
			buildRules = (
			);
			dependencies = (
			);
			name = xOSStorePerformance;
			productName = xOSStorePerformance;
			productReference = 59A3310F268D4FE300585418 /* xOSStorePerformance.app */;
			productType = "com.apple.product-type.application";
		};
		59A33124268D4FE500585418 /* xOSStorePerformanceTests */ = {
			isa = PBXNativeTarget;
			buildConfigurationList = 59A3313C268D4FE500585418 /* Build configuration list for PBXNativeTarget "xOSStorePerformanceTests" */;
			buildPhases = (
				59A33121268D4FE500585418 /* Sources */,
				59A33122268D4FE500585418 /* Frameworks */,
				59A33123268D4FE500585418 /* Resources */,
			);
			buildRules = (
			);
			dependencies = (
				59A33127268D4FE500585418 /* PBXTargetDependency */,
			);
			name = xOSStorePerformanceTests;
			productName = xOSStorePerformanceTests;
			productReference = 59A33125268D4FE500585418 /* xOSStorePerformanceTests.xctest */;
			productType = "com.apple.product-type.bundle.unit-test";
		};
		59A3312F268D4FE500585418 /* xOSStorePerformanceUITests */ = {
			isa = PBXNativeTarget;
			buildConfigurationList = 59A3313F268D4FE500585418 /* Build configuration list for PBXNativeTarget "xOSStorePerformanceUITests" */;
			buildPhases = (
				59A3312C268D4FE500585418 /* Sources */,
				59A3312D268D4FE500585418 /* Frameworks */,
				59A3312E268D4FE500585418 /* Resources */,
			);
			buildRules = (
			);
			dependencies = (
				59A33132268D4FE500585418 /* PBXTargetDependency */,
			);
			name = xOSStorePerformanceUITests;
			productName = xOSStorePerformanceUITests;
			productReference = 59A33130268D4FE500585418 /* xOSStorePerformanceUITests.xctest */;
			productType = "com.apple.product-type.bundle.ui-testing";
		};
/* End PBXNativeTarget section */

/* Begin PBXProject section */
		59A33107268D4FE300585418 /* Project object */ = {
			isa = PBXProject;
			attributes = {
				LastSwiftUpdateCheck = 1250;
				LastUpgradeCheck = 1250;
				TargetAttributes = {
					59A3310E268D4FE300585418 = {
						CreatedOnToolsVersion = 12.5.1;
					};
					59A33124268D4FE500585418 = {
						CreatedOnToolsVersion = 12.5.1;
						TestTargetID = 59A3310E268D4FE300585418;
					};
					59A3312F268D4FE500585418 = {
						CreatedOnToolsVersion = 12.5.1;
						TestTargetID = 59A3310E268D4FE300585418;
					};
				};
			};
			buildConfigurationList = 59A3310A268D4FE300585418 /* Build configuration list for PBXProject "xOSStorePerformance" */;
			compatibilityVersion = "Xcode 9.3";
			developmentRegion = en;
			hasScannedForEncodings = 0;
			knownRegions = (
				en,
				Base,
			);
			mainGroup = 59A33106268D4FE300585418;
			productRefGroup = 59A33110268D4FE300585418 /* Products */;
			projectDirPath = "";
			projectRoot = "";
			targets = (
				59A3310E268D4FE300585418 /* xOSStorePerformance */,
				59A33124268D4FE500585418 /* xOSStorePerformanceTests */,
				59A3312F268D4FE500585418 /* xOSStorePerformanceUITests */,
			);
		};
/* End PBXProject section */

/* Begin PBXResourcesBuildPhase section */
		59A3310D268D4FE300585418 /* Resources */ = {
			isa = PBXResourcesBuildPhase;
			buildActionMask = 2147483647;
			files = (
				59A3311F268D4FE500585418 /* LaunchScreen.storyboard in Resources */,
				59A3311C268D4FE500585418 /* Preview Assets.xcassets in Resources */,
				59A33119268D4FE500585418 /* Assets.xcassets in Resources */,
			);
			runOnlyForDeploymentPostprocessing = 0;
		};
		59A33123268D4FE500585418 /* Resources */ = {
			isa = PBXResourcesBuildPhase;
			buildActionMask = 2147483647;
			files = (
			);
			runOnlyForDeploymentPostprocessing = 0;
		};
		59A3312E268D4FE500585418 /* Resources */ = {
			isa = PBXResourcesBuildPhase;
			buildActionMask = 2147483647;
			files = (
			);
			runOnlyForDeploymentPostprocessing = 0;
		};
/* End PBXResourcesBuildPhase section */

/* Begin PBXSourcesBuildPhase section */
		59A3310B268D4FE300585418 /* Sources */ = {
			isa = PBXSourcesBuildPhase;
			buildActionMask = 2147483647;
			files = (
				59A33113268D4FE300585418 /* AppDelegate.swift in Sources */,
				59A33115268D4FE300585418 /* SceneDelegate.swift in Sources */,
				59A33117268D4FE300585418 /* ContentView.swift in Sources */,
			);
			runOnlyForDeploymentPostprocessing = 0;
		};
		59A33121268D4FE500585418 /* Sources */ = {
			isa = PBXSourcesBuildPhase;
			buildActionMask = 2147483647;
			files = (
				59A3312A268D4FE500585418 /* xOSStorePerformanceTests.swift in Sources */,
			);
			runOnlyForDeploymentPostprocessing = 0;
		};
		59A3312C268D4FE500585418 /* Sources */ = {
			isa = PBXSourcesBuildPhase;
			buildActionMask = 2147483647;
			files = (
				59A33135268D4FE500585418 /* xOSStorePerformanceUITests.swift in Sources */,
			);
			runOnlyForDeploymentPostprocessing = 0;
		};
/* End PBXSourcesBuildPhase section */

/* Begin PBXTargetDependency section */
		59A33127268D4FE500585418 /* PBXTargetDependency */ = {
			isa = PBXTargetDependency;
			target = 59A3310E268D4FE300585418 /* xOSStorePerformance */;
			targetProxy = 59A33126268D4FE500585418 /* PBXContainerItemProxy */;
		};
		59A33132268D4FE500585418 /* PBXTargetDependency */ = {
			isa = PBXTargetDependency;
			target = 59A3310E268D4FE300585418 /* xOSStorePerformance */;
			targetProxy = 59A33131268D4FE500585418 /* PBXContainerItemProxy */;
		};
/* End PBXTargetDependency section */

/* Begin PBXVariantGroup section */
		59A3311D268D4FE500585418 /* LaunchScreen.storyboard */ = {
			isa = PBXVariantGroup;
			children = (
				59A3311E268D4FE500585418 /* Base */,
			);
			name = LaunchScreen.storyboard;
			sourceTree = "<group>";
		};
/* End PBXVariantGroup section */

/* Begin XCBuildConfiguration section */
		59A33137268D4FE500585418 /* Debug */ = {
			isa = XCBuildConfiguration;
			buildSettings = {
				ALWAYS_SEARCH_USER_PATHS = NO;
				CLANG_ANALYZER_NONNULL = YES;
				CLANG_ANALYZER_NUMBER_OBJECT_CONVERSION = YES_AGGRESSIVE;
				CLANG_CXX_LANGUAGE_STANDARD = "gnu++14";
				CLANG_CXX_LIBRARY = "libc++";
				CLANG_ENABLE_MODULES = YES;
				CLANG_ENABLE_OBJC_ARC = YES;
				CLANG_ENABLE_OBJC_WEAK = YES;
				CLANG_WARN_BLOCK_CAPTURE_AUTORELEASING = YES;
				CLANG_WARN_BOOL_CONVERSION = YES;
				CLANG_WARN_COMMA = YES;
				CLANG_WARN_CONSTANT_CONVERSION = YES;
				CLANG_WARN_DEPRECATED_OBJC_IMPLEMENTATIONS = YES;
				CLANG_WARN_DIRECT_OBJC_ISA_USAGE = YES_ERROR;
				CLANG_WARN_DOCUMENTATION_COMMENTS = YES;
				CLANG_WARN_EMPTY_BODY = YES;
				CLANG_WARN_ENUM_CONVERSION = YES;
				CLANG_WARN_INFINITE_RECURSION = YES;
				CLANG_WARN_INT_CONVERSION = YES;
				CLANG_WARN_NON_LITERAL_NULL_CONVERSION = YES;
				CLANG_WARN_OBJC_IMPLICIT_RETAIN_SELF = YES;
				CLANG_WARN_OBJC_LITERAL_CONVERSION = YES;
				CLANG_WARN_OBJC_ROOT_CLASS = YES_ERROR;
				CLANG_WARN_QUOTED_INCLUDE_IN_FRAMEWORK_HEADER = YES;
				CLANG_WARN_RANGE_LOOP_ANALYSIS = YES;
				CLANG_WARN_STRICT_PROTOTYPES = YES;
				CLANG_WARN_SUSPICIOUS_MOVE = YES;
				CLANG_WARN_UNGUARDED_AVAILABILITY = YES_AGGRESSIVE;
				CLANG_WARN_UNREACHABLE_CODE = YES;
				CLANG_WARN__DUPLICATE_METHOD_MATCH = YES;
				COPY_PHASE_STRIP = NO;
				DEBUG_INFORMATION_FORMAT = dwarf;
				ENABLE_STRICT_OBJC_MSGSEND = YES;
				ENABLE_TESTABILITY = YES;
				GCC_C_LANGUAGE_STANDARD = gnu11;
				GCC_DYNAMIC_NO_PIC = NO;
				GCC_NO_COMMON_BLOCKS = YES;
				GCC_OPTIMIZATION_LEVEL = 0;
				GCC_PREPROCESSOR_DEFINITIONS = (
					"DEBUG=1",
					"$(inherited)",
				);
				GCC_WARN_64_TO_32_BIT_CONVERSION = YES;
				GCC_WARN_ABOUT_RETURN_TYPE = YES_ERROR;
				GCC_WARN_UNDECLARED_SELECTOR = YES;
				GCC_WARN_UNINITIALIZED_AUTOS = YES_AGGRESSIVE;
				GCC_WARN_UNUSED_FUNCTION = YES;
				GCC_WARN_UNUSED_VARIABLE = YES;
				IPHONEOS_DEPLOYMENT_TARGET = 14.5;
				MTL_ENABLE_DEBUG_INFO = INCLUDE_SOURCE;
				MTL_FAST_MATH = YES;
				ONLY_ACTIVE_ARCH = YES;
				SDKROOT = iphoneos;
				SWIFT_ACTIVE_COMPILATION_CONDITIONS = DEBUG;
				SWIFT_OPTIMIZATION_LEVEL = "-Onone";
			};
			name = Debug;
		};
		59A33138268D4FE500585418 /* Release */ = {
			isa = XCBuildConfiguration;
			buildSettings = {
				ALWAYS_SEARCH_USER_PATHS = NO;
				CLANG_ANALYZER_NONNULL = YES;
				CLANG_ANALYZER_NUMBER_OBJECT_CONVERSION = YES_AGGRESSIVE;
				CLANG_CXX_LANGUAGE_STANDARD = "gnu++14";
				CLANG_CXX_LIBRARY = "libc++";
				CLANG_ENABLE_MODULES = YES;
				CLANG_ENABLE_OBJC_ARC = YES;
				CLANG_ENABLE_OBJC_WEAK = YES;
				CLANG_WARN_BLOCK_CAPTURE_AUTORELEASING = YES;
				CLANG_WARN_BOOL_CONVERSION = YES;
				CLANG_WARN_COMMA = YES;
				CLANG_WARN_CONSTANT_CONVERSION = YES;
				CLANG_WARN_DEPRECATED_OBJC_IMPLEMENTATIONS = YES;
				CLANG_WARN_DIRECT_OBJC_ISA_USAGE = YES_ERROR;
				CLANG_WARN_DOCUMENTATION_COMMENTS = YES;
				CLANG_WARN_EMPTY_BODY = YES;
				CLANG_WARN_ENUM_CONVERSION = YES;
				CLANG_WARN_INFINITE_RECURSION = YES;
				CLANG_WARN_INT_CONVERSION = YES;
				CLANG_WARN_NON_LITERAL_NULL_CONVERSION = YES;
				CLANG_WARN_OBJC_IMPLICIT_RETAIN_SELF = YES;
				CLANG_WARN_OBJC_LITERAL_CONVERSION = YES;
				CLANG_WARN_OBJC_ROOT_CLASS = YES_ERROR;
				CLANG_WARN_QUOTED_INCLUDE_IN_FRAMEWORK_HEADER = YES;
				CLANG_WARN_RANGE_LOOP_ANALYSIS = YES;
				CLANG_WARN_STRICT_PROTOTYPES = YES;
				CLANG_WARN_SUSPICIOUS_MOVE = YES;
				CLANG_WARN_UNGUARDED_AVAILABILITY = YES_AGGRESSIVE;
				CLANG_WARN_UNREACHABLE_CODE = YES;
				CLANG_WARN__DUPLICATE_METHOD_MATCH = YES;
				COPY_PHASE_STRIP = NO;
				DEBUG_INFORMATION_FORMAT = "dwarf-with-dsym";
				ENABLE_NS_ASSERTIONS = NO;
				ENABLE_STRICT_OBJC_MSGSEND = YES;
				GCC_C_LANGUAGE_STANDARD = gnu11;
				GCC_NO_COMMON_BLOCKS = YES;
				GCC_WARN_64_TO_32_BIT_CONVERSION = YES;
				GCC_WARN_ABOUT_RETURN_TYPE = YES_ERROR;
				GCC_WARN_UNDECLARED_SELECTOR = YES;
				GCC_WARN_UNINITIALIZED_AUTOS = YES_AGGRESSIVE;
				GCC_WARN_UNUSED_FUNCTION = YES;
				GCC_WARN_UNUSED_VARIABLE = YES;
				IPHONEOS_DEPLOYMENT_TARGET = 14.5;
				MTL_ENABLE_DEBUG_INFO = NO;
				MTL_FAST_MATH = YES;
				SDKROOT = iphoneos;
				SWIFT_COMPILATION_MODE = wholemodule;
				SWIFT_OPTIMIZATION_LEVEL = "-O";
				VALIDATE_PRODUCT = YES;
			};
			name = Release;
		};
		59A3313A268D4FE500585418 /* Debug */ = {
			isa = XCBuildConfiguration;
			buildSettings = {
				ASSETCATALOG_COMPILER_APPICON_NAME = AppIcon;
				ASSETCATALOG_COMPILER_GLOBAL_ACCENT_COLOR_NAME = AccentColor;
				CODE_SIGN_STYLE = Automatic;
				DEVELOPMENT_ASSET_PATHS = "\"xOSStorePerformance/Preview Content\"";
				DEVELOPMENT_TEAM = 8T4P9D4TB2;
				ENABLE_PREVIEWS = YES;
				INFOPLIST_FILE = xOSStorePerformance/Info.plist;
				LD_RUNPATH_SEARCH_PATHS = (
					"$(inherited)",
					"@executable_path/Frameworks",
				);
				PRODUCT_BUNDLE_IDENTIFIER = com.shotastage.xOSStorePerformance;
				PRODUCT_NAME = "$(TARGET_NAME)";
				SWIFT_VERSION = 5.0;
				TARGETED_DEVICE_FAMILY = "1,2";
			};
			name = Debug;
		};
		59A3313B268D4FE500585418 /* Release */ = {
			isa = XCBuildConfiguration;
			buildSettings = {
				ASSETCATALOG_COMPILER_APPICON_NAME = AppIcon;
				ASSETCATALOG_COMPILER_GLOBAL_ACCENT_COLOR_NAME = AccentColor;
				CODE_SIGN_STYLE = Automatic;
				DEVELOPMENT_ASSET_PATHS = "\"xOSStorePerformance/Preview Content\"";
				DEVELOPMENT_TEAM = 8T4P9D4TB2;
				ENABLE_PREVIEWS = YES;
				INFOPLIST_FILE = xOSStorePerformance/Info.plist;
				LD_RUNPATH_SEARCH_PATHS = (
					"$(inherited)",
					"@executable_path/Frameworks",
				);
				PRODUCT_BUNDLE_IDENTIFIER = com.shotastage.xOSStorePerformance;
				PRODUCT_NAME = "$(TARGET_NAME)";
				SWIFT_VERSION = 5.0;
				TARGETED_DEVICE_FAMILY = "1,2";
			};
			name = Release;
		};
		59A3313D268D4FE500585418 /* Debug */ = {
			isa = XCBuildConfiguration;
			buildSettings = {
				ALWAYS_EMBED_SWIFT_STANDARD_LIBRARIES = YES;
				BUNDLE_LOADER = "$(TEST_HOST)";
				CODE_SIGN_STYLE = Automatic;
				DEVELOPMENT_TEAM = 8T4P9D4TB2;
				INFOPLIST_FILE = xOSStorePerformanceTests/Info.plist;
				IPHONEOS_DEPLOYMENT_TARGET = 14.5;
				LD_RUNPATH_SEARCH_PATHS = (
					"$(inherited)",
					"@executable_path/Frameworks",
					"@loader_path/Frameworks",
				);
				PRODUCT_BUNDLE_IDENTIFIER = com.shotastage.xOSStorePerformanceTests;
				PRODUCT_NAME = "$(TARGET_NAME)";
				SWIFT_VERSION = 5.0;
				TARGETED_DEVICE_FAMILY = "1,2";
				TEST_HOST = "$(BUILT_PRODUCTS_DIR)/xOSStorePerformance.app/xOSStorePerformance";
			};
			name = Debug;
		};
		59A3313E268D4FE500585418 /* Release */ = {
			isa = XCBuildConfiguration;
			buildSettings = {
				ALWAYS_EMBED_SWIFT_STANDARD_LIBRARIES = YES;
				BUNDLE_LOADER = "$(TEST_HOST)";
				CODE_SIGN_STYLE = Automatic;
				DEVELOPMENT_TEAM = 8T4P9D4TB2;
				INFOPLIST_FILE = xOSStorePerformanceTests/Info.plist;
				IPHONEOS_DEPLOYMENT_TARGET = 14.5;
				LD_RUNPATH_SEARCH_PATHS = (
					"$(inherited)",
					"@executable_path/Frameworks",
					"@loader_path/Frameworks",
				);
				PRODUCT_BUNDLE_IDENTIFIER = com.shotastage.xOSStorePerformanceTests;
				PRODUCT_NAME = "$(TARGET_NAME)";
				SWIFT_VERSION = 5.0;
				TARGETED_DEVICE_FAMILY = "1,2";
				TEST_HOST = "$(BUILT_PRODUCTS_DIR)/xOSStorePerformance.app/xOSStorePerformance";
			};
			name = Release;
		};
		59A33140268D4FE500585418 /* Debug */ = {
			isa = XCBuildConfiguration;
			buildSettings = {
				ALWAYS_EMBED_SWIFT_STANDARD_LIBRARIES = YES;
				CODE_SIGN_STYLE = Automatic;
				DEVELOPMENT_TEAM = 8T4P9D4TB2;
				INFOPLIST_FILE = xOSStorePerformanceUITests/Info.plist;
				LD_RUNPATH_SEARCH_PATHS = (
					"$(inherited)",
					"@executable_path/Frameworks",
					"@loader_path/Frameworks",
				);
				PRODUCT_BUNDLE_IDENTIFIER = com.shotastage.xOSStorePerformanceUITests;
				PRODUCT_NAME = "$(TARGET_NAME)";
				SWIFT_VERSION = 5.0;
				TARGETED_DEVICE_FAMILY = "1,2";
				TEST_TARGET_NAME = xOSStorePerformance;
			};
			name = Debug;
		};
		59A33141268D4FE500585418 /* Release */ = {
			isa = XCBuildConfiguration;
			buildSettings = {
				ALWAYS_EMBED_SWIFT_STANDARD_LIBRARIES = YES;
				CODE_SIGN_STYLE = Automatic;
				DEVELOPMENT_TEAM = 8T4P9D4TB2;
				INFOPLIST_FILE = xOSStorePerformanceUITests/Info.plist;
				LD_RUNPATH_SEARCH_PATHS = (
					"$(inherited)",
					"@executable_path/Frameworks",
					"@loader_path/Frameworks",
				);
				PRODUCT_BUNDLE_IDENTIFIER = com.shotastage.xOSStorePerformanceUITests;
				PRODUCT_NAME = "$(TARGET_NAME)";
				SWIFT_VERSION = 5.0;
				TARGETED_DEVICE_FAMILY = "1,2";
				TEST_TARGET_NAME = xOSStorePerformance;
			};
			name = Release;
		};
/* End XCBuildConfiguration section */

/* Begin XCConfigurationList section */
		59A3310A268D4FE300585418 /* Build configuration list for PBXProject "xOSStorePerformance" */ = {
			isa = XCConfigurationList;
			buildConfigurations = (
				59A33137268D4FE500585418 /* Debug */,
				59A33138268D4FE500585418 /* Release */,
			);
			defaultConfigurationIsVisible = 0;
			defaultConfigurationName = Release;
		};
		59A33139268D4FE500585418 /* Build configuration list for PBXNativeTarget "xOSStorePerformance" */ = {
			isa = XCConfigurationList;
			buildConfigurations = (
				59A3313A268D4FE500585418 /* Debug */,
				59A3313B268D4FE500585418 /* Release */,
			);
			defaultConfigurationIsVisible = 0;
			defaultConfigurationName = Release;
		};
		59A3313C268D4FE500585418 /* Build configuration list for PBXNativeTarget "xOSStorePerformanceTests" */ = {
			isa = XCConfigurationList;
			buildConfigurations = (
				59A3313D268D4FE500585418 /* Debug */,
				59A3313E268D4FE500585418 /* Release */,
			);
			defaultConfigurationIsVisible = 0;
			defaultConfigurationName = Release;
		};
		59A3313F268D4FE500585418 /* Build configuration list for PBXNativeTarget "xOSStorePerformanceUITests" */ = {
			isa = XCConfigurationList;
			buildConfigurations = (
				59A33140268D4FE500585418 /* Debug */,
				59A33141268D4FE500585418 /* Release */,
			);
			defaultConfigurationIsVisible = 0;
			defaultConfigurationName = Release;
		};
/* End XCConfigurationList section */
	};
	rootObject = 59A33107268D4FE300585418 /* Project object */;
}
